
Microsoft Visual Studio Solution File, Format Version 12.00
# Visual Studio Version 16
VisualStudioVersion = 16.0.30128.74
MinimumVisualStudioVersion = 10.0.40219.1
Project("{FAE04EC0-301F-11D3-BF4B-00C04F79EFBC}") = "Phone-Book", "Phone-Book\Phone-Book.csproj", "{11F761E2-2966-4A05-A8D9-DB580AD481C6}"
EndProject
Global
	GlobalSection(SolutionConfigurationPlatforms) = preSolution
		Debug|Any CPU = Debug|Any CPU
		Release|Any CPU = Release|Any CPU
	EndGlobalSection
	GlobalSection(ProjectConfigurationPlatforms) = postSolution
		{11F761E2-2966-4A05-A8D9-DB580AD481C6}.Debug|Any CPU.ActiveCfg = Debug|Any CPU
		{11F761E2-2966-4A05-A8D9-DB580AD481C6}.Debug|Any CPU.Build.0 = Debug|Any CPU
		{11F761E2-2966-4A05-A8D9-DB580AD481C6}.Release|Any CPU.ActiveCfg = Release|Any CPU
		{11F761E2-2966-4A05-A8D9-DB580AD481C6}.Release|Any CPU.Build.0 = Release|Any CPU
	EndGlobalSection
	GlobalSection(SolutionProperties) = preSolution
		HideSolutionNode = FALSE
	EndGlobalSection
	GlobalSection(ExtensibilityGlobals) = postSolution
		SolutionGuid = {DCCC0729-BE05-4F7B-AC73-9AF3FF60DF0D}
	EndGlobalSection
EndGlobal
